
Microsoft Visual Studio Solution File, Format Version 12.00
# Visual Studio Version 17
VisualStudioVersion = 17.5.33627.172
MinimumVisualStudioVersion = 10.0.40219.1
Project("{FAE04EC0-301F-11D3-BF4B-00C04F79EFBC}") = "k,n secret sharing", "k,n secret sharing.csproj", "{D7529E39-5176-4713-A1C4-28DDC06F8DF5}"
EndProject
Global
	GlobalSection(SolutionConfigurationPlatforms) = preSolution
		Debug|Any CPU = Debug|Any CPU
		Release|Any CPU = Release|Any CPU
	EndGlobalSection
	GlobalSection(ProjectConfigurationPlatforms) = postSolution
		{D7529E39-5176-4713-A1C4-28DDC06F8DF5}.Debug|Any CPU.ActiveCfg = Debug|Any CPU
		{D7529E39-5176-4713-A1C4-28DDC06F8DF5}.Debug|Any CPU.Build.0 = Debug|Any CPU
		{D7529E39-5176-4713-A1C4-28DDC06F8DF5}.Release|Any CPU.ActiveCfg = Release|Any CPU
		{D7529E39-5176-4713-A1C4-28DDC06F8DF5}.Release|Any CPU.Build.0 = Release|Any CPU
	EndGlobalSection
	GlobalSection(SolutionProperties) = preSolution
		HideSolutionNode = FALSE
	EndGlobalSection
	GlobalSection(ExtensibilityGlobals) = postSolution
		SolutionGuid = {E111B36C-0FD9-4AE3-A047-7C1F38FDADED}
	EndGlobalSection
EndGlobal
